
Microsoft Visual Studio Solution File, Format Version 12.00
# Visual Studio Version 17
VisualStudioVersion = 17.3.32929.385
MinimumVisualStudioVersion = 10.0.40219.1
Project("{9A19103F-16F7-4668-BE54-9A1E7A4F7556}") = "AbpCaptcha", "AbpCaptcha\AbpCaptcha.csproj", "{363E2173-EFE6-4A21-92B1-E2447DD86270}"
EndProject
Project("{FAE04EC0-301F-11D3-BF4B-00C04F79EFBC}") = "AbpCaptchaTest", "AbpCaptchaTest\AbpCaptchaTest.csproj", "{0E6404C6-1ADA-4720-A6F7-9C305382C830}"
EndProject
Global
	GlobalSection(SolutionConfigurationPlatforms) = preSolution
		Debug|Any CPU = Debug|Any CPU
		Release|Any CPU = Release|Any CPU
	EndGlobalSection
	GlobalSection(ProjectConfigurationPlatforms) = postSolution
		{363E2173-EFE6-4A21-92B1-E2447DD86270}.Debug|Any CPU.ActiveCfg = Debug|Any CPU
		{363E2173-EFE6-4A21-92B1-E2447DD86270}.Debug|Any CPU.Build.0 = Debug|Any CPU
		{363E2173-EFE6-4A21-92B1-E2447DD86270}.Release|Any CPU.ActiveCfg = Release|Any CPU
		{363E2173-EFE6-4A21-92B1-E2447DD86270}.Release|Any CPU.Build.0 = Release|Any CPU
		{0E6404C6-1ADA-4720-A6F7-9C305382C830}.Debug|Any CPU.ActiveCfg = Debug|Any CPU
		{0E6404C6-1ADA-4720-A6F7-9C305382C830}.Debug|Any CPU.Build.0 = Debug|Any CPU
		{0E6404C6-1ADA-4720-A6F7-9C305382C830}.Release|Any CPU.ActiveCfg = Release|Any CPU
		{0E6404C6-1ADA-4720-A6F7-9C305382C830}.Release|Any CPU.Build.0 = Release|Any CPU
	EndGlobalSection
	GlobalSection(SolutionProperties) = preSolution
		HideSolutionNode = FALSE
	EndGlobalSection
	GlobalSection(ExtensibilityGlobals) = postSolution
		SolutionGuid = {5FAC2B76-A00E-4E4F-B434-BFBD1F72880D}
	EndGlobalSection
EndGlobal
